{
  "object": {
    "pins": [
      {
        "package": "CCurl",
        "repositoryURL": "https://github.com/IBM-Swift/CCurl.git",
        "state": {
          "branch": null,
          "revision": "2a431e3a5fb8d004aa7d4d1bebb5d511f568c43e",
          "version": "0.5.0"
        }
      },
      {
        "package": "SeeURL",
        "repositoryURL": "https://github.com/shiroyagicorp/swift-seeurl.git",
        "state": {
          "branch": null,
          "revision": "b7a5a5b9f1ebda46e729c23c1f7ca20ee73ce8f7",
          "version": "1.9.1"
        }
      },
      {
        "package": "SwiftyGPIO",
        "repositoryURL": "https://github.com/uraimo/SwiftyGPIO.git",
        "state": {
          "branch": null,
          "revision": "0ea60fd66e35571726b6abeb6abf0e28e1726918",
          "version": "1.1.0"
        }
      }
    ]
  },
  "version": 1
}
